{
  "version": 4,
  "terraform_version": "0.14.10",
  "serial": 7,
  "lineage": "9f9269b3-c51c-90f6-d579-cb006e29df79",
  "outputs": {},
  "resources": [
    {
      "module": "module.development-api-gateway",
      "mode": "managed",
      "type": "google_api_gateway_api",
      "name": "api_gw",
      "provider": "module.development-api-gateway.provider[\"registry.terraform.io/hashicorp/google-beta\"]",
      "instances": [
        {
          "schema_version": 0,
          "attributes": {
            "api_id": "api-gw-dev",
            "create_time": "2021-04-11T18:50:34.930414468Z",
            "display_name": "Api Gateway for dev env",
            "id": "projects/devops-default/locations/global/apis/api-gw-dev",
            "labels": null,
            "managed_service": "api-gw-dev-3kj8bbz7ezki0.apigateway.devops-default.cloud.goog",
            "name": "projects/devops-default/locations/global/apis/api-gw-dev",
            "project": "devops-default",
            "timeouts": null
          },
          "sensitive_attributes": [],
          "private": "eyJlMmJmYjczMC1lY2FhLTExZTYtOGY4OC0zNDM2M2JjN2M0YzAiOnsiY3JlYXRlIjozNjAwMDAwMDAwMDAsImRlbGV0ZSI6MzYwMDAwMDAwMDAwLCJ1cGRhdGUiOjM2MDAwMDAwMDAwMH19"
        }
      ]
    },
    {
      "module": "module.development-api-gateway",
      "mode": "managed",
      "type": "google_api_gateway_api_config",
      "name": "api_cfg",
      "provider": "module.development-api-gateway.provider[\"registry.terraform.io/hashicorp/google-beta\"]",
      "instances": [
        {
          "schema_version": 0,
          "attributes": {
            "api": "api-gw-dev",
            "api_config_id": "api-dev20210411185218448400000001",
            "api_config_id_prefix": "api-dev",
            "display_name": "Api Gateway for dev env",
            "gateway_config": [],
            "id": "projects/devops-default/locations/global/apis/api-gw-dev/configs/api-dev20210411185218448400000001",
            "labels": null,
            "name": "projects/415809531584/locations/global/apis/api-gw-dev/configs/api-dev20210411185218448400000001",
            "openapi_documents": [
              {
                "document": [
                  {
                    "contents": "c3dhZ2dlcjogIjIuMCIKaW5mbzoKICB0aXRsZTogIkRldk9wc0FwaSIKICBkZXNjcmlwdGlvbjogIlNhbXBsZSBBUEkgb24gQVBJIEdhdGV3YXkgd2l0aCBhIEdvb2dsZSBDbG91ZCBGdW5jdGlvbnMgYmFja2VuZCIKICB2ZXJzaW9uOiAxLjAuMApzY2hlbWVzOgogIC0gaHR0cApwcm9kdWNlczoKICAtIGFwcGxpY2F0aW9uL2pzb24KCnBhdGhzOgogICAgL2dlbmVyYXRlSnd0VG9rZW46CiAgICAgIGdldDoKICAgICAgICAgIHN1bW1hcnk6ICJHZW5lcmF0ZSBhIEp3dCB0b2tlbiB3aXRoIGV4cGlyYXRpb24gdGltZSBvZiAzMCBzZWNvbnNkcyIKICAgICAgICAgIG9wZXJhdGlvbklkOiBnZW5lcmF0ZUp3dFRva2VuCiAgICAgICAgICBwcm9kdWNlczoKICAgICAgICAgIC0gImFwcGxpY2F0aW9uL2pzb24iCiAgICAgICAgICB4LWdvb2dsZS1iYWNrZW5kOgogICAgICAgICAgICBhZGRyZXNzOiBodHRwOi8vMTQxLjkzLjIyMi4zNS5iYy5nb29nbGV1c2VyY29udGVudC5jb20vdjEvcHVibGljL2VjaG8vZ2VuZXJhdGVKd3RUb2tlbgogICAgICAgICAgcmVzcG9uc2VzOgogICAgICAgICAgICAiMjAwIjoKICAgICAgICAgICAgICBkZXNjcmlwdGlvbjogIkEgc3VjY2Vzc2Z1bCByZXNwb25zZSIKICAgICAgICAgICAgICBzY2hlbWE6CiAgICAgICAgICAgICAgICAkcmVmOiAiIy9kZWZpbml0aW9ucy9Kd3RUb2tlbiIKICAgICAgICAgICAgICAgIAogICAgL0Rldk9wczoKICAgICBwb3N0OgogICAgICBzdW1tYXJ5OiAiUmVwbHkgZ3JlZXRpbmcgYnkgcmVxdWVzdCIKICAgICAgb3BlcmF0aW9uSWQ6IERldk9wcwogICAgICBwcm9kdWNlczoKICAgICAgLSAiYXBwbGljYXRpb24vanNvbiIKICAgICAgeC1nb29nbGUtYmFja2VuZDoKICAgICAgICBhZGRyZXNzOiBodHRwOi8vMTQxLjkzLjIyMi4zNS5iYy5nb29nbGV1c2VyY29udGVudC5jb20vdjEvZ3JlZXRpbmcvRGV2T3BzCiAgICAgIHJlc3BvbnNlczoKICAgICAgICAiMjAwIjoKICAgICAgICAgIGRlc2NyaXB0aW9uOiAiQSBzdWNjZXNzZnVsIHJlc3BvbnNlIgogICAgICAgICAgc2NoZW1hOgogICAgICAgICAgICAkcmVmOiAiIy9kZWZpbml0aW9ucy9HcmVldGluZyIKZGVmaW5pdGlvbnM6CiAgICBHcmVldGluZzoKICAgICAgdHlwZTogb2JqZWN0CiAgICAgIHByb3BlcnRpZXM6CiAgICAgICAgZnJvbToKICAgICAgICAgIHR5cGU6IHN0cmluZwogICAgICAgIG1lc3NhZ2U6CiAgICAgICAgICB0eXBlOiBzdHJpbmcKICAgICAgICB0aW1lVG9MaWZlU2VjOgogICAgICAgICAgZm9ybWF0OiBpbnQ2NAogICAgICAgICAgdHlwZTogaW50ZWdlcgogICAgICAgIHRvOgogICAgICAgICAgdHlwZTogc3RyaW5nCiAgICBKd3RUb2tlbjoKICAgICAgdHlwZTogb2JqZWN0CiAgICAgIHByb3BlcnRpZXM6CiAgICAgICAgdG9rZW46CiAgICAgICAgICB0eXBlOiBzdHJpbmcK",
                    "path": "devops-dev.yaml"
                  }
                ]
              }
            ],
            "project": "devops-default",
            "service_config_id": "api-dev20210411185218448400000001-2fvxvp5kft5gp",
            "timeouts": null
          },
          "sensitive_attributes": [],
          "private": "eyJlMmJmYjczMC1lY2FhLTExZTYtOGY4OC0zNDM2M2JjN2M0YzAiOnsiY3JlYXRlIjozNjAwMDAwMDAwMDAsImRlbGV0ZSI6MzYwMDAwMDAwMDAwLCJ1cGRhdGUiOjM2MDAwMDAwMDAwMH19",
          "dependencies": [
            "module.development-api-gateway.google_api_gateway_api.api_gw"
          ]
        }
      ]
    },
    {
      "module": "module.development-api-gateway",
      "mode": "managed",
      "type": "google_api_gateway_gateway",
      "name": "gw",
      "provider": "module.development-api-gateway.provider[\"registry.terraform.io/hashicorp/google-beta\"]",
      "instances": [
        {
          "schema_version": 0,
          "attributes": {
            "api_config": "projects/415809531584/locations/global/apis/api-gw-dev/configs/api-dev20210411185218448400000001",
            "default_hostname": "gw-dev-5b0q9by8.uc.gateway.dev",
            "display_name": "Api Gateway for dev env",
            "gateway_id": "gw-dev",
            "id": "projects/devops-default/locations/us-central1/gateways/gw-dev",
            "labels": null,
            "name": "projects/devops-default/locations/us-central1/gateways/gw-dev",
            "project": "devops-default",
            "region": "us-central1",
            "timeouts": null
          },
          "sensitive_attributes": [],
          "private": "eyJlMmJmYjczMC1lY2FhLTExZTYtOGY4OC0zNDM2M2JjN2M0YzAiOnsiY3JlYXRlIjozNjAwMDAwMDAwMDAsImRlbGV0ZSI6MzYwMDAwMDAwMDAwLCJ1cGRhdGUiOjM2MDAwMDAwMDAwMH19",
          "dependencies": [
            "module.development-api-gateway.google_api_gateway_api.api_gw",
            "module.development-api-gateway.google_api_gateway_api_config.api_cfg"
          ]
        }
      ]
    },
    {
      "module": "module.production-api-gateway",
      "mode": "managed",
      "type": "google_api_gateway_api",
      "name": "api_gw",
      "provider": "module.production-api-gateway.provider[\"registry.terraform.io/hashicorp/google-beta\"]",
      "instances": [
        {
          "schema_version": 0,
          "attributes": {
            "api_id": "api-gw-prod",
            "create_time": "2021-04-11T18:50:35.193382692Z",
            "display_name": "Api Gateway for prod env",
            "id": "projects/devops-default/locations/global/apis/api-gw-prod",
            "labels": null,
            "managed_service": "api-gw-prod-285e8r1ge6wxq.apigateway.devops-default.cloud.goog",
            "name": "projects/devops-default/locations/global/apis/api-gw-prod",
            "project": "devops-default",
            "timeouts": null
          },
          "sensitive_attributes": [],
          "private": "eyJlMmJmYjczMC1lY2FhLTExZTYtOGY4OC0zNDM2M2JjN2M0YzAiOnsiY3JlYXRlIjozNjAwMDAwMDAwMDAsImRlbGV0ZSI6MzYwMDAwMDAwMDAwLCJ1cGRhdGUiOjM2MDAwMDAwMDAwMH19"
        }
      ]
    },
    {
      "module": "module.production-api-gateway",
      "mode": "managed",
      "type": "google_api_gateway_api_config",
      "name": "api_cfg",
      "provider": "module.production-api-gateway.provider[\"registry.terraform.io/hashicorp/google-beta\"]",
      "instances": [
        {
          "schema_version": 0,
          "attributes": {
            "api": "api-gw-prod",
            "api_config_id": "api-prod20210411185218352100000001",
            "api_config_id_prefix": "api-prod",
            "display_name": "Api Gateway for prod env",
            "gateway_config": [],
            "id": "projects/devops-default/locations/global/apis/api-gw-prod/configs/api-prod20210411185218352100000001",
            "labels": null,
            "name": "projects/415809531584/locations/global/apis/api-gw-prod/configs/api-prod20210411185218352100000001",
            "openapi_documents": [
              {
                "document": [
                  {
                    "contents": "c3dhZ2dlcjogIjIuMCIKaW5mbzoKICB0aXRsZTogIkRldk9wc0FwaSIKICBkZXNjcmlwdGlvbjogIlNhbXBsZSBBUEkgb24gQVBJIEdhdGV3YXkgd2l0aCBhIEdvb2dsZSBDbG91ZCBGdW5jdGlvbnMgYmFja2VuZCIKICB2ZXJzaW9uOiAxLjAuMApzY2hlbWVzOgogIC0gaHR0cApwcm9kdWNlczoKICAtIGFwcGxpY2F0aW9uL2pzb24KCnBhdGhzOgogICAgL2dlbmVyYXRlSnd0VG9rZW46CiAgICAgIGdldDoKICAgICAgICAgIHN1bW1hcnk6ICJHZW5lcmF0ZSBhIEp3dCB0b2tlbiB3aXRoIGV4cGlyYXRpb24gdGltZSBvZiAzMCBzZWNvbnNkcyIKICAgICAgICAgIG9wZXJhdGlvbklkOiBnZW5lcmF0ZUp3dFRva2VuCiAgICAgICAgICBwcm9kdWNlczoKICAgICAgICAgIC0gImFwcGxpY2F0aW9uL2pzb24iCiAgICAgICAgICB4LWdvb2dsZS1iYWNrZW5kOgogICAgICAgICAgICBhZGRyZXNzOiBodHRwOi8vODUuMTkuMjMxLjM1LmJjLmdvb2dsZXVzZXJjb250ZW50LmNvbS92MS9wdWJsaWMvZWNoby9nZW5lcmF0ZUp3dFRva2VuCiAgICAgICAgICByZXNwb25zZXM6CiAgICAgICAgICAgICIyMDAiOgogICAgICAgICAgICAgIGRlc2NyaXB0aW9uOiAiQSBzdWNjZXNzZnVsIHJlc3BvbnNlIgogICAgICAgICAgICAgIHNjaGVtYToKICAgICAgICAgICAgICAgICRyZWY6ICIjL2RlZmluaXRpb25zL0p3dFRva2VuIgogICAgICAgICAgICAgICAgCiAgICAvRGV2T3BzOgogICAgIHBvc3Q6CiAgICAgIHN1bW1hcnk6ICJSZXBseSBncmVldGluZyBieSByZXF1ZXN0IgogICAgICBvcGVyYXRpb25JZDogRGV2T3BzCiAgICAgIHByb2R1Y2VzOgogICAgICAtICJhcHBsaWNhdGlvbi9qc29uIgogICAgICB4LWdvb2dsZS1iYWNrZW5kOgogICAgICAgIGFkZHJlc3M6IGh0dHA6Ly84NS4xOS4yMzEuMzUuYmMuZ29vZ2xldXNlcmNvbnRlbnQuY29tL3YxL2dyZWV0aW5nL0Rldk9wcwogICAgICByZXNwb25zZXM6CiAgICAgICAgIjIwMCI6CiAgICAgICAgICBkZXNjcmlwdGlvbjogIkEgc3VjY2Vzc2Z1bCByZXNwb25zZSIKICAgICAgICAgIHNjaGVtYToKICAgICAgICAgICAgJHJlZjogIiMvZGVmaW5pdGlvbnMvR3JlZXRpbmciCmRlZmluaXRpb25zOgogICAgR3JlZXRpbmc6CiAgICAgIHR5cGU6IG9iamVjdAogICAgICBwcm9wZXJ0aWVzOgogICAgICAgIGZyb206CiAgICAgICAgICB0eXBlOiBzdHJpbmcKICAgICAgICBtZXNzYWdlOgogICAgICAgICAgdHlwZTogc3RyaW5nCiAgICAgICAgdGltZVRvTGlmZVNlYzoKICAgICAgICAgIGZvcm1hdDogaW50NjQKICAgICAgICAgIHR5cGU6IGludGVnZXIKICAgICAgICB0bzoKICAgICAgICAgIHR5cGU6IHN0cmluZwogICAgSnd0VG9rZW46CiAgICAgIHR5cGU6IG9iamVjdAogICAgICBwcm9wZXJ0aWVzOgogICAgICAgIHRva2VuOgogICAgICAgICAgdHlwZTogc3RyaW5nCg==",
                    "path": "devops-prod.yaml"
                  }
                ]
              }
            ],
            "project": "devops-default",
            "service_config_id": "api-prod20210411185218352100000001-2v7om9fd161di",
            "timeouts": null
          },
          "sensitive_attributes": [],
          "private": "eyJlMmJmYjczMC1lY2FhLTExZTYtOGY4OC0zNDM2M2JjN2M0YzAiOnsiY3JlYXRlIjozNjAwMDAwMDAwMDAsImRlbGV0ZSI6MzYwMDAwMDAwMDAwLCJ1cGRhdGUiOjM2MDAwMDAwMDAwMH19",
          "dependencies": [
            "module.production-api-gateway.google_api_gateway_api.api_gw"
          ]
        }
      ]
    },
    {
      "module": "module.production-api-gateway",
      "mode": "managed",
      "type": "google_api_gateway_gateway",
      "name": "gw",
      "provider": "module.production-api-gateway.provider[\"registry.terraform.io/hashicorp/google-beta\"]",
      "instances": [
        {
          "schema_version": 0,
          "attributes": {
            "api_config": "projects/415809531584/locations/global/apis/api-gw-prod/configs/api-prod20210411185218352100000001",
            "default_hostname": "gw-prod-5b0q9by8.ue.gateway.dev",
            "display_name": "Api Gateway for prod env",
            "gateway_id": "gw-prod",
            "id": "projects/devops-default/locations/us-east1/gateways/gw-prod",
            "labels": null,
            "name": "projects/devops-default/locations/us-east1/gateways/gw-prod",
            "project": "devops-default",
            "region": "us-east1",
            "timeouts": null
          },
          "sensitive_attributes": [],
          "private": "eyJlMmJmYjczMC1lY2FhLTExZTYtOGY4OC0zNDM2M2JjN2M0YzAiOnsiY3JlYXRlIjozNjAwMDAwMDAwMDAsImRlbGV0ZSI6MzYwMDAwMDAwMDAwLCJ1cGRhdGUiOjM2MDAwMDAwMDAwMH19",
          "dependencies": [
            "module.production-api-gateway.google_api_gateway_api.api_gw",
            "module.production-api-gateway.google_api_gateway_api_config.api_cfg"
          ]
        }
      ]
    }
  ]
}
