{
  "version": 4,
  "terraform_version": "0.14.10",
  "serial": 18,
  "lineage": "95e3deb5-debc-7d62-c19f-60fbf4b96d87",
  "outputs": {},
  "resources": [
    {
      "module": "module.dev_cluster",
      "mode": "managed",
      "type": "local_file",
      "name": "kubeconfig",
      "provider": "provider[\"registry.terraform.io/hashicorp/local\"]",
      "instances": [
        {
          "schema_version": 0,
          "attributes": {
            "content": "apiVersion: v1\nclusters:\n- cluster:\n    certificate-authority-data: LS0tLS1CRUdJTiBDRVJUSUZJQ0FURS0tLS0tCk1JSURLekNDQWhPZ0F3SUJBZ0lSQUxaTk8rcS9pdW4vUk52VUNqRkhxQWN3RFFZSktvWklodmNOQVFFTEJRQXcKTHpFdE1Dc0dBMVVFQXhNa04yRXdZV1l6TnpJdE9ETmxaUzAwTkdJMExUZzBabVF0WVdFek9USTRZMk01WWpRMQpNQjRYRFRJeE1EUXhNREEwTlRZd01Gb1hEVEkyTURRd09UQTFOVFl3TUZvd0x6RXRNQ3NHQTFVRUF4TWtOMkV3CllXWXpOekl0T0RObFpTMDBOR0kwTFRnMFptUXRZV0V6T1RJNFkyTTVZalExTUlJQklqQU5CZ2txaGtpRzl3MEIKQVFFRkFBT0NBUThBTUlJQkNnS0NBUUVBdnY4T3RCVnFnUFJqRWhCWEJvU1lSNXdyb2NrWXVBakZxem9FTHBlQQoxRHJCdFNCV3l0empvYzBoQXk5LzRzN3cxYi9VK3U2SCtVWFhLOEVidkwvQnVLSHRCY2hlZ0hKRGNiQmJaYXRwCkRiZk1GaHp4bU1IcEExd28vUGRiSm5pVlA4b2xwcldpb3ZsTFlRRUtoTU5YaWh4M2lTVzBsWnZydVFCaldwdFcKRVBtdFhRVktnWmUyeitab04yZm9SL0tnWWp1b3BNd2s2cU5uMmRRY1I3K2FLZGc0T0VZaWxnRHNmaERtdStZVApQVTVWSlhSY09OanJadncwWEpNQTVWZUpKUmdOUzY5OFBEVTJ0QXE4UzBVU3RXaTB3amV6U3pxS01sOGpTaTVuCmtIRmpBcnc5Y2VTVloxNWVFNTdOVi93OXdoMGJORVB0QlRCK0oxcDF0TjQ5dVFJREFRQUJvMEl3UURBT0JnTlYKSFE4QkFmOEVCQU1DQWdRd0R3WURWUjBUQVFIL0JBVXdBd0VCL3pBZEJnTlZIUTRFRmdRVWFwK1RzVGd5c3ltMwpndTZSeFYwS2ZsRGpkcnN3RFFZSktvWklodmNOQVFFTEJRQURnZ0VCQURTRFlGVG1BemFzRm42WlFIaW5oaTBvCnFyMlA3dXpNM2VLMG8wRXlGcDhOeUtYZUZJM20rQXB1dk94aitUbG9uWEJ4NVQwVFBzRVVYWjZFak9jc21nWFkKNHRJVWtIMzEySzYrZDdZdVJwbS80Zmc2WWVlVHBURVc5MldPK3JsWmoxU2E0RngyYndqdURnN0h4R1h0NmdEUwp6QW9Jb0NzYjc5SlV4M29mU0lSbEpqekYza1FFcGh2aTd1Mkl3aHpGVVp4aCtJbGN1azlJcWh5L0VTS0p5amVmCkVFNXZxQjZDNm1KckdGVUNWd1diWjBGN1ROS0ovN0ZCbGNodXpsWnd3cHRLa05vWURIYk9hd1NtN3NBUmlheEUKQys2YmN4RmxCSktnbnNNR2R4ZjEzRG9sK1d0VE5wd3hhTEloaWp5NjhvdUdJVU0xSGR5cndUUms1MVFYYnU4PQotLS0tLUVORCBDRVJUSUZJQ0FURS0tLS0tCg==\n    server: https://34.123.43.205\n  name: devops-cluster-dev\ncontexts:\n- context:\n    cluster: devops-cluster-dev\n    user: devops-cluster-dev\n  name: devops-cluster-dev\ncurrent-context: devops-cluster-dev\nkind: Config\npreferences: {}\nusers:\n- name: devops-cluster-dev\n  user:\n    token: ya29.a0AfH6SMBpQrD-bRLwMFipxEs-oLyx6akVcqKhNxqIgrECGbxwSXgW4rCDj5DUhNngn3tZsJgx5o2jd0KydAjJkCHTdMhngKi1ULzOfsfwFUWJrYxPlX_kbq4Eqf4vzS6tePraBzGJQaeMLqpLE8SwE885VpUu\n",
            "content_base64": null,
            "directory_permission": "0777",
            "file_permission": "0777",
            "filename": "kubeconfig-dev",
            "id": "53cfdf2c7fac1440d86ac21f8a8a6550e951ba13",
            "sensitive_content": null,
            "source": null
          },
          "sensitive_attributes": [
            [
              {
                "type": "get_attr",
                "value": "content"
              }
            ]
          ],
          "private": "bnVsbA==",
          "dependencies": [
            "module.dev_cluster.module.gcp-network.module.subnets.google_compute_subnetwork.subnetwork",
            "module.dev_cluster.module.gcp-network.module.vpc.google_compute_network.network",
            "module.dev_cluster.module.gke.data.google_client_config.default",
            "module.dev_cluster.module.gke.data.google_compute_subnetwork.gke_subnetwork",
            "module.dev_cluster.module.gke.data.google_compute_zones.available",
            "module.dev_cluster.module.gke.data.google_container_engine_versions.region",
            "module.dev_cluster.module.gke.data.google_container_engine_versions.zone",
            "module.dev_cluster.module.gke.google_compute_firewall.intra_egress",
            "module.dev_cluster.module.gke.google_compute_firewall.master_webhooks",
            "module.dev_cluster.module.gke.google_compute_firewall.shadow_allow_master",
            "module.dev_cluster.module.gke.google_compute_firewall.shadow_allow_nodes",
            "module.dev_cluster.module.gke.google_compute_firewall.shadow_allow_pods",
            "module.dev_cluster.module.gke.google_container_cluster.primary",
            "module.dev_cluster.module.gke.google_container_node_pool.pools",
            "module.dev_cluster.module.gke.google_project_iam_member.cluster_service_account-artifact-registry",
            "module.dev_cluster.module.gke.google_project_iam_member.cluster_service_account-gcr",
            "module.dev_cluster.module.gke.google_project_iam_member.cluster_service_account-log_writer",
            "module.dev_cluster.module.gke.google_project_iam_member.cluster_service_account-metric_writer",
            "module.dev_cluster.module.gke.google_project_iam_member.cluster_service_account-monitoring_viewer",
            "module.dev_cluster.module.gke.google_project_iam_member.cluster_service_account-resourceMetadata-writer",
            "module.dev_cluster.module.gke.google_service_account.cluster_service_account",
            "module.dev_cluster.module.gke.kubernetes_config_map.ip-masq-agent",
            "module.dev_cluster.module.gke.kubernetes_config_map.kube-dns",
            "module.dev_cluster.module.gke.kubernetes_config_map.kube-dns-upstream-nameservers-and-stub-domains",
            "module.dev_cluster.module.gke.kubernetes_config_map.kube-dns-upstream-namservers",
            "module.dev_cluster.module.gke.module.gcloud_delete_default_kube_dns_configmap.module.gcloud_kubectl.data.external.env_override",
            "module.dev_cluster.module.gke.module.gcloud_delete_default_kube_dns_configmap.module.gcloud_kubectl.null_resource.additional_components",
            "module.dev_cluster.module.gke.module.gcloud_delete_default_kube_dns_configmap.module.gcloud_kubectl.null_resource.additional_components_destroy",
            "module.dev_cluster.module.gke.module.gcloud_delete_default_kube_dns_configmap.module.gcloud_kubectl.null_resource.decompress",
            "module.dev_cluster.module.gke.module.gcloud_delete_default_kube_dns_configmap.module.gcloud_kubectl.null_resource.decompress_destroy",
            "module.dev_cluster.module.gke.module.gcloud_delete_default_kube_dns_configmap.module.gcloud_kubectl.null_resource.download_gcloud",
            "module.dev_cluster.module.gke.module.gcloud_delete_default_kube_dns_configmap.module.gcloud_kubectl.null_resource.download_jq",
            "module.dev_cluster.module.gke.module.gcloud_delete_default_kube_dns_configmap.module.gcloud_kubectl.null_resource.gcloud_auth_google_credentials",
            "module.dev_cluster.module.gke.module.gcloud_delete_default_kube_dns_configmap.module.gcloud_kubectl.null_resource.gcloud_auth_google_credentials_destroy",
            "module.dev_cluster.module.gke.module.gcloud_delete_default_kube_dns_configmap.module.gcloud_kubectl.null_resource.gcloud_auth_service_account_key_file",
            "module.dev_cluster.module.gke.module.gcloud_delete_default_kube_dns_configmap.module.gcloud_kubectl.null_resource.gcloud_auth_service_account_key_file_destroy",
            "module.dev_cluster.module.gke.module.gcloud_delete_default_kube_dns_configmap.module.gcloud_kubectl.null_resource.module_depends_on",
            "module.dev_cluster.module.gke.module.gcloud_delete_default_kube_dns_configmap.module.gcloud_kubectl.null_resource.prepare_cache",
            "module.dev_cluster.module.gke.module.gcloud_delete_default_kube_dns_configmap.module.gcloud_kubectl.null_resource.run_command",
            "module.dev_cluster.module.gke.module.gcloud_delete_default_kube_dns_configmap.module.gcloud_kubectl.null_resource.run_destroy_command",
            "module.dev_cluster.module.gke.module.gcloud_delete_default_kube_dns_configmap.module.gcloud_kubectl.null_resource.upgrade",
            "module.dev_cluster.module.gke.module.gcloud_delete_default_kube_dns_configmap.module.gcloud_kubectl.null_resource.upgrade_destroy",
            "module.dev_cluster.module.gke.module.gcloud_delete_default_kube_dns_configmap.module.gcloud_kubectl.random_id.cache",
            "module.dev_cluster.module.gke.random_shuffle.available_zones",
            "module.dev_cluster.module.gke.random_string.cluster_service_account_suffix",
            "module.dev_cluster.module.gke_auth.data.google_client_config.provider",
            "module.dev_cluster.module.gke_auth.data.google_container_cluster.gke_cluster",
            "module.dev_cluster.module.gke_auth.data.template_file.kubeconfig"
          ]
        }
      ]
    },
    {
      "module": "module.dev_cluster.module.gcp-network.module.subnets",
      "mode": "managed",
      "type": "google_compute_subnetwork",
      "name": "subnetwork",
      "provider": "module.dev_cluster.provider[\"registry.terraform.io/hashicorp/google\"]",
      "instances": [
        {
          "index_key": "us-central1/gke-subnet-dev",
          "schema_version": 0,
          "attributes": {
            "creation_timestamp": "2021-04-09T22:55:38.159-07:00",
            "description": "",
            "fingerprint": null,
            "gateway_address": "11.10.0.1",
            "id": "projects/devops-default/regions/us-central1/subnetworks/gke-subnet-dev",
            "ip_cidr_range": "11.10.0.0/16",
            "log_config": [],
            "name": "gke-subnet-dev",
            "network": "https://www.googleapis.com/compute/v1/projects/devops-default/global/networks/gke-network-dev",
            "private_ip_google_access": false,
            "private_ipv6_google_access": "DISABLE_GOOGLE_ACCESS",
            "project": "devops-default",
            "region": "us-central1",
            "secondary_ip_range": [
              {
                "ip_cidr_range": "11.20.0.0/16",
                "range_name": "ip-range-pods"
              },
              {
                "ip_cidr_range": "11.30.0.0/16",
                "range_name": "ip-range-services"
              }
            ],
            "self_link": "https://www.googleapis.com/compute/v1/projects/devops-default/regions/us-central1/subnetworks/gke-subnet-dev",
            "timeouts": null
          },
          "sensitive_attributes": [],
          "private": "eyJlMmJmYjczMC1lY2FhLTExZTYtOGY4OC0zNDM2M2JjN2M0YzAiOnsiY3JlYXRlIjozNjAwMDAwMDAwMDAsImRlbGV0ZSI6MzYwMDAwMDAwMDAwLCJ1cGRhdGUiOjM2MDAwMDAwMDAwMH19",
          "dependencies": [
            "module.dev_cluster.module.gcp-network.module.vpc.google_compute_network.network"
          ]
        }
      ]
    },
    {
      "module": "module.dev_cluster.module.gcp-network.module.vpc",
      "mode": "managed",
      "type": "google_compute_network",
      "name": "network",
      "provider": "module.dev_cluster.provider[\"registry.terraform.io/hashicorp/google\"]",
      "instances": [
        {
          "schema_version": 0,
          "attributes": {
            "auto_create_subnetworks": false,
            "delete_default_routes_on_create": false,
            "description": "",
            "gateway_ipv4": "",
            "id": "projects/devops-default/global/networks/gke-network-dev",
            "mtu": 0,
            "name": "gke-network-dev",
            "project": "devops-default",
            "routing_mode": "GLOBAL",
            "self_link": "https://www.googleapis.com/compute/v1/projects/devops-default/global/networks/gke-network-dev",
            "timeouts": null
          },
          "sensitive_attributes": [],
          "private": "eyJlMmJmYjczMC1lY2FhLTExZTYtOGY4OC0zNDM2M2JjN2M0YzAiOnsiY3JlYXRlIjoyNDAwMDAwMDAwMDAsImRlbGV0ZSI6MjQwMDAwMDAwMDAwLCJ1cGRhdGUiOjI0MDAwMDAwMDAwMH19"
        }
      ]
    },
    {
      "module": "module.dev_cluster.module.gke",
      "mode": "data",
      "type": "google_client_config",
      "name": "default",
      "provider": "module.dev_cluster.provider[\"registry.terraform.io/hashicorp/google\"]",
      "instances": [
        {
          "schema_version": 0,
          "attributes": {
            "access_token": "ya29.a0AfH6SMDTTQd0FLAS8jnmYhC-l7Q8P7ZfnRn2g6P3LJ2zTioYhH-si4eCWK2N9M6VXNlYv8uI-g4VrXQspkeQry_bM_KPVcusugWK4aCqyv_1rqqHe3Kapn47tmZktSjA7VJNgr4Ww-Rv0eDVzPLKhIMqVIhw",
            "id": "projects//regions//zones/",
            "project": "",
            "region": "",
            "zone": ""
          },
          "sensitive_attributes": []
        }
      ]
    },
    {
      "module": "module.dev_cluster.module.gke",
      "mode": "data",
      "type": "google_compute_zones",
      "name": "available",
      "provider": "module.dev_cluster.provider[\"registry.terraform.io/hashicorp/google\"]",
      "instances": [
        {
          "schema_version": 0,
          "attributes": {
            "id": "projects/devops-default/regions/us-central1",
            "names": [
              "us-central1-a",
              "us-central1-b",
              "us-central1-c",
              "us-central1-f"
            ],
            "project": "devops-default",
            "region": "us-central1",
            "status": null
          },
          "sensitive_attributes": []
        }
      ]
    },
    {
      "module": "module.dev_cluster.module.gke",
      "mode": "data",
      "type": "google_container_engine_versions",
      "name": "region",
      "provider": "module.dev_cluster.provider[\"registry.terraform.io/hashicorp/google\"]",
      "instances": [
        {
          "schema_version": 0,
          "attributes": {
            "default_cluster_version": "1.17.17-gke.2800",
            "id": "2021-04-10 05:55:21.770667244 +0000 UTC",
            "latest_master_version": "1.18.16-gke.2100",
            "latest_node_version": "1.18.16-gke.2100",
            "location": "us-central1",
            "project": "devops-default",
            "release_channel_default_version": {
              "RAPID": "1.19.8-gke.1600",
              "REGULAR": "1.18.16-gke.302",
              "STABLE": "1.17.17-gke.2800"
            },
            "valid_master_versions": [
              "1.18.16-gke.2100",
              "1.18.16-gke.1201",
              "1.18.16-gke.502",
              "1.18.16-gke.302",
              "1.18.16-gke.300",
              "1.18.15-gke.1502",
              "1.18.15-gke.1501",
              "1.17.17-gke.4400",
              "1.17.17-gke.3700",
              "1.17.17-gke.3000",
              "1.17.17-gke.2800",
              "1.17.17-gke.1500",
              "1.17.17-gke.1101",
              "1.16.15-gke.12500"
            ],
            "valid_node_versions": [
              "1.18.16-gke.2100",
              "1.18.16-gke.1201",
              "1.18.16-gke.1200",
              "1.18.16-gke.502",
              "1.18.16-gke.500",
              "1.18.16-gke.302",
              "1.18.16-gke.300",
              "1.18.15-gke.2500",
              "1.18.15-gke.1502",
              "1.18.15-gke.1501",
              "1.18.15-gke.1500",
              "1.18.15-gke.1102",
              "1.18.15-gke.1100",
              "1.18.15-gke.800",
              "1.18.14-gke.1600",
              "1.18.14-gke.1200",
              "1.18.12-gke.1210",
              "1.18.12-gke.1206",
              "1.18.12-gke.1205",
              "1.18.12-gke.1201",
              "1.18.12-gke.1200",
              "1.18.12-gke.300",
              "1.18.10-gke.2701",
              "1.18.10-gke.2101",
              "1.18.10-gke.1500",
              "1.18.10-gke.601",
              "1.18.9-gke.2501",
              "1.18.9-gke.1501",
              "1.18.9-gke.801",
              "1.18.6-gke.4801",
              "1.18.6-gke.3504",
              "1.18.6-gke.3503",
              "1.17.17-gke.4400",
              "1.17.17-gke.3700",
              "1.17.17-gke.3000",
              "1.17.17-gke.2800",
              "1.17.17-gke.2500",
              "1.17.17-gke.1500",
              "1.17.17-gke.1101",
              "1.17.17-gke.1100",
              "1.17.17-gke.600",
              "1.17.16-gke.1600",
              "1.17.16-gke.1300",
              "1.17.15-gke.800",
              "1.17.15-gke.300",
              "1.17.14-gke.1600",
              "1.17.14-gke.1200",
              "1.17.14-gke.400",
              "1.17.13-gke.2600",
              "1.17.13-gke.2001",
              "1.17.13-gke.1401",
              "1.17.13-gke.1400",
              "1.17.13-gke.600",
              "1.17.12-gke.2502",
              "1.17.12-gke.1504",
              "1.17.12-gke.1501",
              "1.17.12-gke.500",
              "1.17.9-gke.6300",
              "1.17.9-gke.1504",
              "1.16.15-gke.12500",
              "1.16.15-gke.11800",
              "1.16.15-gke.10600",
              "1.16.15-gke.7801",
              "1.16.15-gke.7800",
              "1.16.15-gke.7300",
              "1.16.15-gke.6900",
              "1.16.15-gke.6000",
              "1.16.15-gke.5500",
              "1.16.15-gke.4901",
              "1.16.15-gke.4301",
              "1.16.15-gke.4300",
              "1.16.15-gke.3500",
              "1.16.15-gke.2601",
              "1.16.15-gke.1600",
              "1.16.15-gke.500",
              "1.16.13-gke.404",
              "1.16.13-gke.403",
              "1.16.13-gke.401",
              "1.16.13-gke.400",
              "1.16.13-gke.1",
              "1.16.11-gke.5",
              "1.16.10-gke.8",
              "1.16.9-gke.6",
              "1.16.9-gke.2",
              "1.16.8-gke.15",
              "1.16.8-gke.12",
              "1.16.8-gke.9",
              "1.15.12-gke.6002",
              "1.15.12-gke.6001",
              "1.15.12-gke.5000",
              "1.15.12-gke.4002",
              "1.15.12-gke.4000",
              "1.15.12-gke.20",
              "1.15.12-gke.17",
              "1.15.12-gke.16",
              "1.15.12-gke.13",
              "1.15.12-gke.9",
              "1.15.12-gke.6",
              "1.15.12-gke.3",
              "1.15.12-gke.2",
              "1.15.11-gke.17",
              "1.15.11-gke.15",
              "1.15.11-gke.13",
              "1.15.11-gke.12",
              "1.15.11-gke.11",
              "1.15.11-gke.9",
              "1.15.11-gke.5",
              "1.15.11-gke.3",
              "1.15.11-gke.1",
              "1.15.9-gke.26",
              "1.15.9-gke.24",
              "1.15.9-gke.22",
              "1.15.9-gke.12",
              "1.15.9-gke.9",
              "1.15.9-gke.8",
              "1.15.8-gke.3",
              "1.15.8-gke.2",
              "1.15.7-gke.23",
              "1.15.7-gke.2",
              "1.15.4-gke.22",
              "1.14.10-gke.1504",
              "1.14.10-gke.902",
              "1.14.10-gke.50",
              "1.14.10-gke.46",
              "1.14.10-gke.45",
              "1.14.10-gke.42",
              "1.14.10-gke.41",
              "1.14.10-gke.40",
              "1.14.10-gke.37",
              "1.14.10-gke.36",
              "1.14.10-gke.34",
              "1.14.10-gke.32",
              "1.14.10-gke.31",
              "1.14.10-gke.27",
              "1.14.10-gke.24",
              "1.14.10-gke.22",
              "1.14.10-gke.21",
              "1.14.10-gke.17",
              "1.14.10-gke.0",
              "1.14.9-gke.23",
              "1.14.9-gke.2",
              "1.14.9-gke.0",
              "1.14.8-gke.33",
              "1.14.8-gke.21",
              "1.14.8-gke.18",
              "1.14.8-gke.17",
              "1.14.8-gke.14",
              "1.14.8-gke.12",
              "1.14.8-gke.7",
              "1.14.8-gke.2",
              "1.14.7-gke.40",
              "1.14.7-gke.25",
              "1.14.7-gke.23",
              "1.14.7-gke.17",
              "1.14.7-gke.14",
              "1.14.7-gke.10",
              "1.14.6-gke.13",
              "1.14.6-gke.2",
              "1.14.6-gke.1",
              "1.14.3-gke.11",
              "1.14.3-gke.10",
              "1.14.3-gke.9",
              "1.14.2-gke.9",
              "1.14.1-gke.5",
              "1.13.12-gke.30",
              "1.13.12-gke.25",
              "1.13.12-gke.17",
              "1.13.12-gke.16",
              "1.13.12-gke.14",
              "1.13.12-gke.13",
              "1.13.12-gke.10",
              "1.13.12-gke.8",
              "1.13.12-gke.4",
              "1.13.12-gke.2",
              "1.13.11-gke.23",
              "1.13.11-gke.15",
              "1.13.11-gke.14",
              "1.13.11-gke.12",
              "1.13.11-gke.11",
              "1.13.11-gke.9",
              "1.13.11-gke.5",
              "1.13.10-gke.7",
              "1.13.10-gke.0",
              "1.13.9-gke.11",
              "1.13.9-gke.3",
              "1.13.7-gke.24",
              "1.13.7-gke.19",
              "1.13.7-gke.15",
              "1.13.7-gke.8",
              "1.13.7-gke.0",
              "1.13.6-gke.13",
              "1.13.6-gke.6",
              "1.13.6-gke.5",
              "1.13.6-gke.0",
              "1.13.5-gke.10",
              "1.12.10-gke.22",
              "1.12.10-gke.20",
              "1.12.10-gke.19",
              "1.12.10-gke.18",
              "1.12.10-gke.17",
              "1.12.10-gke.15",
              "1.12.10-gke.13",
              "1.12.10-gke.11",
              "1.12.10-gke.5",
              "1.12.9-gke.16",
              "1.12.9-gke.15",
              "1.12.9-gke.13",
              "1.12.9-gke.10",
              "1.12.9-gke.7",
              "1.12.9-gke.3",
              "1.12.8-gke.12",
              "1.12.8-gke.10",
              "1.12.8-gke.7",
              "1.12.8-gke.6",
              "1.12.7-gke.26",
              "1.12.7-gke.25",
              "1.12.7-gke.24",
              "1.12.7-gke.22",
              "1.12.7-gke.21",
              "1.12.7-gke.17",
              "1.12.7-gke.10",
              "1.12.7-gke.7",
              "1.12.6-gke.11",
              "1.12.6-gke.10",
              "1.12.6-gke.7",
              "1.12.5-gke.10",
              "1.12.5-gke.5",
              "1.11.10-gke.6",
              "1.11.10-gke.5"
            ],
            "version_prefix": null
          },
          "sensitive_attributes": []
        }
      ]
    },
    {
      "module": "module.dev_cluster.module.gke",
      "mode": "data",
      "type": "google_container_engine_versions",
      "name": "zone",
      "provider": "module.dev_cluster.provider[\"registry.terraform.io/hashicorp/google\"]",
      "instances": [
        {
          "schema_version": 0,
          "attributes": {
            "default_cluster_version": "1.17.17-gke.2800",
            "id": "2021-04-10 05:55:22.146914845 +0000 UTC",
            "latest_master_version": "1.18.16-gke.2100",
            "latest_node_version": "1.18.16-gke.2100",
            "location": "us-central1-a",
            "project": "devops-default",
            "release_channel_default_version": {
              "RAPID": "1.19.8-gke.1600",
              "REGULAR": "1.18.16-gke.302",
              "STABLE": "1.17.17-gke.2800"
            },
            "valid_master_versions": [
              "1.18.16-gke.2100",
              "1.18.16-gke.1201",
              "1.18.16-gke.502",
              "1.18.16-gke.302",
              "1.18.16-gke.300",
              "1.18.15-gke.1502",
              "1.18.15-gke.1501",
              "1.17.17-gke.4400",
              "1.17.17-gke.3700",
              "1.17.17-gke.3000",
              "1.17.17-gke.2800",
              "1.17.17-gke.1500",
              "1.17.17-gke.1101",
              "1.16.15-gke.12500"
            ],
            "valid_node_versions": [
              "1.18.16-gke.2100",
              "1.18.16-gke.1201",
              "1.18.16-gke.1200",
              "1.18.16-gke.502",
              "1.18.16-gke.500",
              "1.18.16-gke.302",
              "1.18.16-gke.300",
              "1.18.15-gke.2500",
              "1.18.15-gke.1502",
              "1.18.15-gke.1501",
              "1.18.15-gke.1500",
              "1.18.15-gke.1102",
              "1.18.15-gke.1100",
              "1.18.15-gke.800",
              "1.18.14-gke.1600",
              "1.18.14-gke.1200",
              "1.18.12-gke.1210",
              "1.18.12-gke.1206",
              "1.18.12-gke.1205",
              "1.18.12-gke.1201",
              "1.18.12-gke.1200",
              "1.18.12-gke.300",
              "1.18.10-gke.2701",
              "1.18.10-gke.2101",
              "1.18.10-gke.1500",
              "1.18.10-gke.601",
              "1.18.9-gke.2501",
              "1.18.9-gke.1501",
              "1.18.9-gke.801",
              "1.18.6-gke.4801",
              "1.18.6-gke.3504",
              "1.18.6-gke.3503",
              "1.17.17-gke.4400",
              "1.17.17-gke.3700",
              "1.17.17-gke.3000",
              "1.17.17-gke.2800",
              "1.17.17-gke.2500",
              "1.17.17-gke.1500",
              "1.17.17-gke.1101",
              "1.17.17-gke.1100",
              "1.17.17-gke.600",
              "1.17.16-gke.1600",
              "1.17.16-gke.1300",
              "1.17.15-gke.800",
              "1.17.15-gke.300",
              "1.17.14-gke.1600",
              "1.17.14-gke.1200",
              "1.17.14-gke.400",
              "1.17.13-gke.2600",
              "1.17.13-gke.2001",
              "1.17.13-gke.1401",
              "1.17.13-gke.1400",
              "1.17.13-gke.600",
              "1.17.12-gke.2502",
              "1.17.12-gke.1504",
              "1.17.12-gke.1501",
              "1.17.12-gke.500",
              "1.17.9-gke.6300",
              "1.17.9-gke.1504",
              "1.16.15-gke.12500",
              "1.16.15-gke.11800",
              "1.16.15-gke.10600",
              "1.16.15-gke.7801",
              "1.16.15-gke.7800",
              "1.16.15-gke.7300",
              "1.16.15-gke.6900",
              "1.16.15-gke.6000",
              "1.16.15-gke.5500",
              "1.16.15-gke.4901",
              "1.16.15-gke.4301",
              "1.16.15-gke.4300",
              "1.16.15-gke.3500",
              "1.16.15-gke.2601",
              "1.16.15-gke.1600",
              "1.16.15-gke.500",
              "1.16.13-gke.404",
              "1.16.13-gke.403",
              "1.16.13-gke.401",
              "1.16.13-gke.400",
              "1.16.13-gke.1",
              "1.16.11-gke.5",
              "1.16.10-gke.8",
              "1.16.9-gke.6",
              "1.16.9-gke.2",
              "1.16.8-gke.15",
              "1.16.8-gke.12",
              "1.16.8-gke.9",
              "1.15.12-gke.6002",
              "1.15.12-gke.6001",
              "1.15.12-gke.5000",
              "1.15.12-gke.4002",
              "1.15.12-gke.4000",
              "1.15.12-gke.20",
              "1.15.12-gke.17",
              "1.15.12-gke.16",
              "1.15.12-gke.13",
              "1.15.12-gke.9",
              "1.15.12-gke.6",
              "1.15.12-gke.3",
              "1.15.12-gke.2",
              "1.15.11-gke.17",
              "1.15.11-gke.15",
              "1.15.11-gke.13",
              "1.15.11-gke.12",
              "1.15.11-gke.11",
              "1.15.11-gke.9",
              "1.15.11-gke.5",
              "1.15.11-gke.3",
              "1.15.11-gke.1",
              "1.15.9-gke.26",
              "1.15.9-gke.24",
              "1.15.9-gke.22",
              "1.15.9-gke.12",
              "1.15.9-gke.9",
              "1.15.9-gke.8",
              "1.15.8-gke.3",
              "1.15.8-gke.2",
              "1.15.7-gke.23",
              "1.15.7-gke.2",
              "1.15.4-gke.22",
              "1.14.10-gke.1504",
              "1.14.10-gke.902",
              "1.14.10-gke.50",
              "1.14.10-gke.46",
              "1.14.10-gke.45",
              "1.14.10-gke.42",
              "1.14.10-gke.41",
              "1.14.10-gke.40",
              "1.14.10-gke.37",
              "1.14.10-gke.36",
              "1.14.10-gke.34",
              "1.14.10-gke.32",
              "1.14.10-gke.31",
              "1.14.10-gke.27",
              "1.14.10-gke.24",
              "1.14.10-gke.22",
              "1.14.10-gke.21",
              "1.14.10-gke.17",
              "1.14.10-gke.0",
              "1.14.9-gke.23",
              "1.14.9-gke.2",
              "1.14.9-gke.0",
              "1.14.8-gke.33",
              "1.14.8-gke.21",
              "1.14.8-gke.18",
              "1.14.8-gke.17",
              "1.14.8-gke.14",
              "1.14.8-gke.12",
              "1.14.8-gke.7",
              "1.14.8-gke.2",
              "1.14.7-gke.40",
              "1.14.7-gke.25",
              "1.14.7-gke.23",
              "1.14.7-gke.17",
              "1.14.7-gke.14",
              "1.14.7-gke.10",
              "1.14.6-gke.13",
              "1.14.6-gke.2",
              "1.14.6-gke.1",
              "1.14.3-gke.11",
              "1.14.3-gke.10",
              "1.14.3-gke.9",
              "1.14.2-gke.9",
              "1.14.1-gke.5",
              "1.13.12-gke.30",
              "1.13.12-gke.25",
              "1.13.12-gke.17",
              "1.13.12-gke.16",
              "1.13.12-gke.14",
              "1.13.12-gke.13",
              "1.13.12-gke.10",
              "1.13.12-gke.8",
              "1.13.12-gke.4",
              "1.13.12-gke.2",
              "1.13.11-gke.23",
              "1.13.11-gke.15",
              "1.13.11-gke.14",
              "1.13.11-gke.12",
              "1.13.11-gke.11",
              "1.13.11-gke.9",
              "1.13.11-gke.5",
              "1.13.10-gke.7",
              "1.13.10-gke.0",
              "1.13.9-gke.11",
              "1.13.9-gke.3",
              "1.13.7-gke.24",
              "1.13.7-gke.19",
              "1.13.7-gke.15",
              "1.13.7-gke.8",
              "1.13.7-gke.0",
              "1.13.6-gke.13",
              "1.13.6-gke.6",
              "1.13.6-gke.5",
              "1.13.6-gke.0",
              "1.13.5-gke.10",
              "1.12.10-gke.22",
              "1.12.10-gke.20",
              "1.12.10-gke.19",
              "1.12.10-gke.18",
              "1.12.10-gke.17",
              "1.12.10-gke.15",
              "1.12.10-gke.13",
              "1.12.10-gke.11",
              "1.12.10-gke.5",
              "1.12.9-gke.16",
              "1.12.9-gke.15",
              "1.12.9-gke.13",
              "1.12.9-gke.10",
              "1.12.9-gke.7",
              "1.12.9-gke.3",
              "1.12.8-gke.12",
              "1.12.8-gke.10",
              "1.12.8-gke.7",
              "1.12.8-gke.6",
              "1.12.7-gke.26",
              "1.12.7-gke.25",
              "1.12.7-gke.24",
              "1.12.7-gke.22",
              "1.12.7-gke.21",
              "1.12.7-gke.17",
              "1.12.7-gke.10",
              "1.12.7-gke.7",
              "1.12.6-gke.11",
              "1.12.6-gke.10",
              "1.12.6-gke.7",
              "1.12.5-gke.10",
              "1.12.5-gke.5",
              "1.11.10-gke.6",
              "1.11.10-gke.5"
            ],
            "version_prefix": null
          },
          "sensitive_attributes": []
        }
      ]
    },
    {
      "module": "module.dev_cluster.module.gke",
      "mode": "managed",
      "type": "google_container_cluster",
      "name": "primary",
      "provider": "module.dev_cluster.provider[\"registry.terraform.io/hashicorp/google\"]",
      "instances": [
        {
          "schema_version": 1,
          "attributes": {
            "addons_config": [
              {
                "cloudrun_config": [],
                "horizontal_pod_autoscaling": [
                  {
                    "disabled": false
                  }
                ],
                "http_load_balancing": [
                  {
                    "disabled": false
                  }
                ],
                "network_policy_config": [
                  {
                    "disabled": true
                  }
                ]
              }
            ],
            "authenticator_groups_config": [],
            "cluster_autoscaling": [
              {
                "auto_provisioning_defaults": [],
                "enabled": false,
                "resource_limits": []
              }
            ],
            "cluster_ipv4_cidr": "11.20.0.0/16",
            "database_encryption": [
              {
                "key_name": "",
                "state": "DECRYPTED"
              }
            ],
            "datapath_provider": "",
            "default_max_pods_per_node": 110,
            "default_snat_status": [
              {
                "disabled": false
              }
            ],
            "description": "",
            "enable_autopilot": false,
            "enable_binary_authorization": false,
            "enable_intranode_visibility": false,
            "enable_kubernetes_alpha": false,
            "enable_legacy_abac": false,
            "enable_shielded_nodes": true,
            "enable_tpu": false,
            "endpoint": "34.123.43.205",
            "id": "projects/devops-default/locations/us-central1/clusters/devops-cluster-dev",
            "initial_node_count": 0,
            "instance_group_urls": [
              "https://www.googleapis.com/compute/v1/projects/devops-default/zones/us-central1-a/instanceGroups/gke-devops-cluster-dev-default-pool-a7b7fdbb-grp",
              "https://www.googleapis.com/compute/v1/projects/devops-default/zones/us-central1-c/instanceGroups/gke-devops-cluster-dev-default-pool-43fbb8f3-grp",
              "https://www.googleapis.com/compute/v1/projects/devops-default/zones/us-central1-f/instanceGroups/gke-devops-cluster-dev-default-pool-3313bd7c-grp"
            ],
            "ip_allocation_policy": [
              {
                "cluster_ipv4_cidr_block": "11.20.0.0/16",
                "cluster_secondary_range_name": "ip-range-pods",
                "services_ipv4_cidr_block": "11.30.0.0/16",
                "services_secondary_range_name": "ip-range-services"
              }
            ],
            "label_fingerprint": "a9dc16a7",
            "location": "us-central1",
            "logging_service": "logging.googleapis.com/kubernetes",
            "maintenance_policy": [
              {
                "daily_maintenance_window": [
                  {
                    "duration": "PT4H0M0S",
                    "start_time": "05:00"
                  }
                ],
                "maintenance_exclusion": [],
                "recurring_window": []
              }
            ],
            "master_auth": [
              {
                "client_certificate": "",
                "client_certificate_config": [
                  {
                    "issue_client_certificate": false
                  }
                ],
                "client_key": "",
                "cluster_ca_certificate": "LS0tLS1CRUdJTiBDRVJUSUZJQ0FURS0tLS0tCk1JSURLekNDQWhPZ0F3SUJBZ0lSQUxaTk8rcS9pdW4vUk52VUNqRkhxQWN3RFFZSktvWklodmNOQVFFTEJRQXcKTHpFdE1Dc0dBMVVFQXhNa04yRXdZV1l6TnpJdE9ETmxaUzAwTkdJMExUZzBabVF0WVdFek9USTRZMk01WWpRMQpNQjRYRFRJeE1EUXhNREEwTlRZd01Gb1hEVEkyTURRd09UQTFOVFl3TUZvd0x6RXRNQ3NHQTFVRUF4TWtOMkV3CllXWXpOekl0T0RObFpTMDBOR0kwTFRnMFptUXRZV0V6T1RJNFkyTTVZalExTUlJQklqQU5CZ2txaGtpRzl3MEIKQVFFRkFBT0NBUThBTUlJQkNnS0NBUUVBdnY4T3RCVnFnUFJqRWhCWEJvU1lSNXdyb2NrWXVBakZxem9FTHBlQQoxRHJCdFNCV3l0empvYzBoQXk5LzRzN3cxYi9VK3U2SCtVWFhLOEVidkwvQnVLSHRCY2hlZ0hKRGNiQmJaYXRwCkRiZk1GaHp4bU1IcEExd28vUGRiSm5pVlA4b2xwcldpb3ZsTFlRRUtoTU5YaWh4M2lTVzBsWnZydVFCaldwdFcKRVBtdFhRVktnWmUyeitab04yZm9SL0tnWWp1b3BNd2s2cU5uMmRRY1I3K2FLZGc0T0VZaWxnRHNmaERtdStZVApQVTVWSlhSY09OanJadncwWEpNQTVWZUpKUmdOUzY5OFBEVTJ0QXE4UzBVU3RXaTB3amV6U3pxS01sOGpTaTVuCmtIRmpBcnc5Y2VTVloxNWVFNTdOVi93OXdoMGJORVB0QlRCK0oxcDF0TjQ5dVFJREFRQUJvMEl3UURBT0JnTlYKSFE4QkFmOEVCQU1DQWdRd0R3WURWUjBUQVFIL0JBVXdBd0VCL3pBZEJnTlZIUTRFRmdRVWFwK1RzVGd5c3ltMwpndTZSeFYwS2ZsRGpkcnN3RFFZSktvWklodmNOQVFFTEJRQURnZ0VCQURTRFlGVG1BemFzRm42WlFIaW5oaTBvCnFyMlA3dXpNM2VLMG8wRXlGcDhOeUtYZUZJM20rQXB1dk94aitUbG9uWEJ4NVQwVFBzRVVYWjZFak9jc21nWFkKNHRJVWtIMzEySzYrZDdZdVJwbS80Zmc2WWVlVHBURVc5MldPK3JsWmoxU2E0RngyYndqdURnN0h4R1h0NmdEUwp6QW9Jb0NzYjc5SlV4M29mU0lSbEpqekYza1FFcGh2aTd1Mkl3aHpGVVp4aCtJbGN1azlJcWh5L0VTS0p5amVmCkVFNXZxQjZDNm1KckdGVUNWd1diWjBGN1ROS0ovN0ZCbGNodXpsWnd3cHRLa05vWURIYk9hd1NtN3NBUmlheEUKQys2YmN4RmxCSktnbnNNR2R4ZjEzRG9sK1d0VE5wd3hhTEloaWp5NjhvdUdJVU0xSGR5cndUUms1MVFYYnU4PQotLS0tLUVORCBDRVJUSUZJQ0FURS0tLS0tCg==",
                "password": "",
                "username": ""
              }
            ],
            "master_authorized_networks_config": [],
            "master_version": "1.18.16-gke.2100",
            "min_master_version": "1.18.16-gke.2100",
            "monitoring_service": "monitoring.googleapis.com/kubernetes",
            "name": "devops-cluster-dev",
            "network": "projects/devops-default/global/networks/gke-network-dev",
            "network_policy": [
              {
                "enabled": false,
                "provider": "PROVIDER_UNSPECIFIED"
              }
            ],
            "networking_mode": "VPC_NATIVE",
            "node_config": [
              {
                "disk_size_gb": 100,
                "disk_type": "pd-standard",
                "guest_accelerator": [],
                "image_type": "COS",
                "labels": {},
                "local_ssd_count": 0,
                "machine_type": "e2-medium",
                "metadata": {
                  "disable-legacy-endpoints": "true"
                },
                "min_cpu_platform": "",
                "oauth_scopes": [
                  "https://www.googleapis.com/auth/logging.write",
                  "https://www.googleapis.com/auth/monitoring"
                ],
                "preemptible": false,
                "service_account": "tf-gke-devops-cluster--p4vy@devops-default.iam.gserviceaccount.com",
                "shielded_instance_config": [
                  {
                    "enable_integrity_monitoring": true,
                    "enable_secure_boot": false
                  }
                ],
                "tags": [],
                "taint": [],
                "workload_metadata_config": [
                  {
                    "node_metadata": "GKE_METADATA_SERVER"
                  }
                ]
              }
            ],
            "node_locations": [
              "us-central1-a",
              "us-central1-c",
              "us-central1-f"
            ],
            "node_pool": [
              {
                "autoscaling": [],
                "initial_node_count": 0,
                "instance_group_urls": [
                  "https://www.googleapis.com/compute/v1/projects/devops-default/zones/us-central1-a/instanceGroupManagers/gke-devops-cluster-dev-default-pool-a7b7fdbb-grp",
                  "https://www.googleapis.com/compute/v1/projects/devops-default/zones/us-central1-c/instanceGroupManagers/gke-devops-cluster-dev-default-pool-43fbb8f3-grp",
                  "https://www.googleapis.com/compute/v1/projects/devops-default/zones/us-central1-f/instanceGroupManagers/gke-devops-cluster-dev-default-pool-3313bd7c-grp"
                ],
                "management": [
                  {
                    "auto_repair": true,
                    "auto_upgrade": true
                  }
                ],
                "max_pods_per_node": 110,
                "name": "default-pool",
                "name_prefix": "",
                "node_config": [
                  {
                    "disk_size_gb": 100,
                    "disk_type": "pd-standard",
                    "guest_accelerator": [],
                    "image_type": "COS",
                    "labels": {},
                    "local_ssd_count": 0,
                    "machine_type": "e2-medium",
                    "metadata": {
                      "disable-legacy-endpoints": "true"
                    },
                    "min_cpu_platform": "",
                    "oauth_scopes": [
                      "https://www.googleapis.com/auth/logging.write",
                      "https://www.googleapis.com/auth/monitoring"
                    ],
                    "preemptible": false,
                    "service_account": "tf-gke-devops-cluster--p4vy@devops-default.iam.gserviceaccount.com",
                    "shielded_instance_config": [
                      {
                        "enable_integrity_monitoring": true,
                        "enable_secure_boot": false
                      }
                    ],
                    "tags": null,
                    "taint": [],
                    "workload_metadata_config": [
                      {
                        "node_metadata": "GKE_METADATA_SERVER"
                      }
                    ]
                  }
                ],
                "node_count": 0,
                "node_locations": [
                  "us-central1-a",
                  "us-central1-c",
                  "us-central1-f"
                ],
                "upgrade_settings": [
                  {
                    "max_surge": 1,
                    "max_unavailable": 0
                  }
                ],
                "version": "1.18.16-gke.2100"
              }
            ],
            "node_version": "1.18.16-gke.2100",
            "operation": null,
            "pod_security_policy_config": [],
            "private_cluster_config": [],
            "private_ipv6_google_access": "",
            "project": "devops-default",
            "release_channel": [
              {
                "channel": "UNSPECIFIED"
              }
            ],
            "remove_default_node_pool": false,
            "resource_labels": null,
            "resource_usage_export_config": [],
            "self_link": "https://container.googleapis.com/v1beta1/projects/devops-default/locations/us-central1/clusters/devops-cluster-dev",
            "services_ipv4_cidr": "11.30.0.0/16",
            "subnetwork": "projects/devops-default/regions/us-central1/subnetworks/gke-subnet-dev",
            "timeouts": {
              "create": "45m",
              "delete": "45m",
              "read": null,
              "update": "45m"
            },
            "tpu_ipv4_cidr_block": "",
            "vertical_pod_autoscaling": [
              {
                "enabled": false
              }
            ],
            "workload_identity_config": [
              {
                "identity_namespace": "devops-default.svc.id.goog"
              }
            ]
          },
          "sensitive_attributes": [],
          "private": "eyJlMmJmYjczMC1lY2FhLTExZTYtOGY4OC0zNDM2M2JjN2M0YzAiOnsiY3JlYXRlIjoyNzAwMDAwMDAwMDAwLCJkZWxldGUiOjI3MDAwMDAwMDAwMDAsInJlYWQiOjI0MDAwMDAwMDAwMDAsInVwZGF0ZSI6MjcwMDAwMDAwMDAwMH0sInNjaGVtYV92ZXJzaW9uIjoiMSJ9",
          "dependencies": [
            "module.dev_cluster.module.gcp-network.module.subnets.google_compute_subnetwork.subnetwork",
            "module.dev_cluster.module.gcp-network.module.vpc.google_compute_network.network",
            "module.dev_cluster.module.gke.data.google_container_engine_versions.region",
            "module.dev_cluster.module.gke.data.google_container_engine_versions.zone",
            "module.dev_cluster.module.gke.google_service_account.cluster_service_account",
            "module.dev_cluster.module.gke.random_shuffle.available_zones"
          ]
        }
      ]
    },
    {
      "module": "module.dev_cluster.module.gke",
      "mode": "managed",
      "type": "google_container_node_pool",
      "name": "pools",
      "provider": "module.dev_cluster.provider[\"registry.terraform.io/hashicorp/google\"]",
      "instances": [
        {
          "index_key": "node-pool",
          "schema_version": 1,
          "attributes": {
            "autoscaling": [
              {
                "max_node_count": 2,
                "min_node_count": 1
              }
            ],
            "cluster": "devops-cluster-dev",
            "id": "projects/devops-default/locations/us-central1/clusters/devops-cluster-dev/nodePools/node-pool",
            "initial_node_count": 1,
            "instance_group_urls": [
              "https://www.googleapis.com/compute/v1/projects/devops-default/zones/us-central1-a/instanceGroupManagers/gke-devops-cluster-dev-node-pool-2af592b7-grp",
              "https://www.googleapis.com/compute/v1/projects/devops-default/zones/us-central1-c/instanceGroupManagers/gke-devops-cluster-dev-node-pool-aa72de4f-grp",
              "https://www.googleapis.com/compute/v1/projects/devops-default/zones/us-central1-f/instanceGroupManagers/gke-devops-cluster-dev-node-pool-4de710ea-grp"
            ],
            "location": "us-central1",
            "management": [
              {
                "auto_repair": true,
                "auto_upgrade": true
              }
            ],
            "max_pods_per_node": 110,
            "name": "node-pool",
            "name_prefix": "",
            "node_config": [
              {
                "disk_size_gb": 10,
                "disk_type": "pd-standard",
                "guest_accelerator": [],
                "image_type": "COS",
                "labels": {
                  "cluster_name": "devops-cluster-dev",
                  "node_pool": "node-pool"
                },
                "local_ssd_count": 0,
                "machine_type": "e2-medium",
                "metadata": {
                  "cluster_name": "devops-cluster-dev",
                  "disable-legacy-endpoints": "true",
                  "node_pool": "node-pool"
                },
                "min_cpu_platform": "",
                "oauth_scopes": [
                  "https://www.googleapis.com/auth/cloud-platform"
                ],
                "preemptible": false,
                "service_account": "tf-gke-devops-cluster--p4vy@devops-default.iam.gserviceaccount.com",
                "shielded_instance_config": [
                  {
                    "enable_integrity_monitoring": true,
                    "enable_secure_boot": false
                  }
                ],
                "tags": [
                  "gke-devops-cluster-dev",
                  "gke-devops-cluster-dev-node-pool"
                ],
                "taint": [],
                "workload_metadata_config": [
                  {
                    "node_metadata": "GKE_METADATA_SERVER"
                  }
                ]
              }
            ],
            "node_count": 1,
            "node_locations": [
              "us-central1-a",
              "us-central1-c",
              "us-central1-f"
            ],
            "operation": null,
            "project": "devops-default",
            "timeouts": {
              "create": "45m",
              "delete": "45m",
              "update": "45m"
            },
            "upgrade_settings": [
              {
                "max_surge": 1,
                "max_unavailable": 0
              }
            ],
            "version": "1.18.16-gke.2100"
          },
          "sensitive_attributes": [],
          "private": "eyJlMmJmYjczMC1lY2FhLTExZTYtOGY4OC0zNDM2M2JjN2M0YzAiOnsiY3JlYXRlIjoyNzAwMDAwMDAwMDAwLCJkZWxldGUiOjI3MDAwMDAwMDAwMDAsInVwZGF0ZSI6MjcwMDAwMDAwMDAwMH0sInNjaGVtYV92ZXJzaW9uIjoiMSJ9",
          "dependencies": [
            "module.dev_cluster.module.gcp-network.module.subnets.google_compute_subnetwork.subnetwork",
            "module.dev_cluster.module.gcp-network.module.vpc.google_compute_network.network",
            "module.dev_cluster.module.gke.data.google_container_engine_versions.region",
            "module.dev_cluster.module.gke.data.google_container_engine_versions.zone",
            "module.dev_cluster.module.gke.google_container_cluster.primary",
            "module.dev_cluster.module.gke.google_service_account.cluster_service_account",
            "module.dev_cluster.module.gke.random_shuffle.available_zones"
          ]
        }
      ]
    },
    {
      "module": "module.dev_cluster.module.gke",
      "mode": "managed",
      "type": "google_project_iam_member",
      "name": "cluster_service_account-log_writer",
      "provider": "module.dev_cluster.provider[\"registry.terraform.io/hashicorp/google\"]",
      "instances": [
        {
          "index_key": 0,
          "schema_version": 0,
          "attributes": {
            "condition": [],
            "etag": "BwW/l+UOnQs=",
            "id": "devops-default/roles/logging.logWriter/serviceaccount:tf-gke-devops-cluster--p4vy@devops-default.iam.gserviceaccount.com",
            "member": "serviceAccount:tf-gke-devops-cluster--p4vy@devops-default.iam.gserviceaccount.com",
            "project": "devops-default",
            "role": "roles/logging.logWriter"
          },
          "sensitive_attributes": [],
          "private": "bnVsbA==",
          "dependencies": [
            "module.dev_cluster.module.gke.google_service_account.cluster_service_account",
            "module.dev_cluster.module.gke.random_string.cluster_service_account_suffix"
          ]
        }
      ]
    },
    {
      "module": "module.dev_cluster.module.gke",
      "mode": "managed",
      "type": "google_project_iam_member",
      "name": "cluster_service_account-metric_writer",
      "provider": "module.dev_cluster.provider[\"registry.terraform.io/hashicorp/google\"]",
      "instances": [
        {
          "index_key": 0,
          "schema_version": 0,
          "attributes": {
            "condition": [],
            "etag": "BwW/l+UOnQs=",
            "id": "devops-default/roles/monitoring.metricWriter/serviceaccount:tf-gke-devops-cluster--p4vy@devops-default.iam.gserviceaccount.com",
            "member": "serviceAccount:tf-gke-devops-cluster--p4vy@devops-default.iam.gserviceaccount.com",
            "project": "devops-default",
            "role": "roles/monitoring.metricWriter"
          },
          "sensitive_attributes": [],
          "private": "bnVsbA==",
          "dependencies": [
            "module.dev_cluster.module.gke.google_project_iam_member.cluster_service_account-log_writer",
            "module.dev_cluster.module.gke.google_service_account.cluster_service_account",
            "module.dev_cluster.module.gke.random_string.cluster_service_account_suffix"
          ]
        }
      ]
    },
    {
      "module": "module.dev_cluster.module.gke",
      "mode": "managed",
      "type": "google_project_iam_member",
      "name": "cluster_service_account-monitoring_viewer",
      "provider": "module.dev_cluster.provider[\"registry.terraform.io/hashicorp/google\"]",
      "instances": [
        {
          "index_key": 0,
          "schema_version": 0,
          "attributes": {
            "condition": [],
            "etag": "BwW/l+UOnQs=",
            "id": "devops-default/roles/monitoring.viewer/serviceaccount:tf-gke-devops-cluster--p4vy@devops-default.iam.gserviceaccount.com",
            "member": "serviceAccount:tf-gke-devops-cluster--p4vy@devops-default.iam.gserviceaccount.com",
            "project": "devops-default",
            "role": "roles/monitoring.viewer"
          },
          "sensitive_attributes": [],
          "private": "bnVsbA==",
          "dependencies": [
            "module.dev_cluster.module.gke.google_project_iam_member.cluster_service_account-log_writer",
            "module.dev_cluster.module.gke.google_project_iam_member.cluster_service_account-metric_writer",
            "module.dev_cluster.module.gke.google_service_account.cluster_service_account",
            "module.dev_cluster.module.gke.random_string.cluster_service_account_suffix"
          ]
        }
      ]
    },
    {
      "module": "module.dev_cluster.module.gke",
      "mode": "managed",
      "type": "google_project_iam_member",
      "name": "cluster_service_account-resourceMetadata-writer",
      "provider": "module.dev_cluster.provider[\"registry.terraform.io/hashicorp/google\"]",
      "instances": [
        {
          "index_key": 0,
          "schema_version": 0,
          "attributes": {
            "condition": [],
            "etag": "BwW/l+UOnQs=",
            "id": "devops-default/roles/stackdriver.resourceMetadata.writer/serviceaccount:tf-gke-devops-cluster--p4vy@devops-default.iam.gserviceaccount.com",
            "member": "serviceAccount:tf-gke-devops-cluster--p4vy@devops-default.iam.gserviceaccount.com",
            "project": "devops-default",
            "role": "roles/stackdriver.resourceMetadata.writer"
          },
          "sensitive_attributes": [],
          "private": "bnVsbA==",
          "dependencies": [
            "module.dev_cluster.module.gke.google_project_iam_member.cluster_service_account-log_writer",
            "module.dev_cluster.module.gke.google_project_iam_member.cluster_service_account-metric_writer",
            "module.dev_cluster.module.gke.google_project_iam_member.cluster_service_account-monitoring_viewer",
            "module.dev_cluster.module.gke.google_service_account.cluster_service_account",
            "module.dev_cluster.module.gke.random_string.cluster_service_account_suffix"
          ]
        }
      ]
    },
    {
      "module": "module.dev_cluster.module.gke",
      "mode": "managed",
      "type": "google_service_account",
      "name": "cluster_service_account",
      "provider": "module.dev_cluster.provider[\"registry.terraform.io/hashicorp/google\"]",
      "instances": [
        {
          "index_key": 0,
          "schema_version": 0,
          "attributes": {
            "account_id": "tf-gke-devops-cluster--p4vy",
            "description": "",
            "display_name": "Terraform-managed service account for cluster devops-cluster-dev",
            "email": "tf-gke-devops-cluster--p4vy@devops-default.iam.gserviceaccount.com",
            "id": "projects/devops-default/serviceAccounts/tf-gke-devops-cluster--p4vy@devops-default.iam.gserviceaccount.com",
            "name": "projects/devops-default/serviceAccounts/tf-gke-devops-cluster--p4vy@devops-default.iam.gserviceaccount.com",
            "project": "devops-default",
            "timeouts": null,
            "unique_id": "103431959605788683148"
          },
          "sensitive_attributes": [],
          "private": "eyJlMmJmYjczMC1lY2FhLTExZTYtOGY4OC0zNDM2M2JjN2M0YzAiOnsiY3JlYXRlIjozMDAwMDAwMDAwMDB9fQ==",
          "dependencies": [
            "module.dev_cluster.module.gke.random_string.cluster_service_account_suffix"
          ]
        }
      ]
    },
    {
      "module": "module.dev_cluster.module.gke",
      "mode": "managed",
      "type": "random_shuffle",
      "name": "available_zones",
      "provider": "provider[\"registry.terraform.io/hashicorp/random\"]",
      "instances": [
        {
          "schema_version": 0,
          "attributes": {
            "id": "-",
            "input": [
              "us-central1-a",
              "us-central1-b",
              "us-central1-c",
              "us-central1-f"
            ],
            "keepers": null,
            "result": [
              "us-central1-a",
              "us-central1-f",
              "us-central1-c"
            ],
            "result_count": 3,
            "seed": null
          },
          "sensitive_attributes": [],
          "private": "bnVsbA==",
          "dependencies": [
            "module.dev_cluster.module.gke.data.google_compute_zones.available"
          ]
        }
      ]
    },
    {
      "module": "module.dev_cluster.module.gke",
      "mode": "managed",
      "type": "random_string",
      "name": "cluster_service_account_suffix",
      "provider": "provider[\"registry.terraform.io/hashicorp/random\"]",
      "instances": [
        {
          "schema_version": 1,
          "attributes": {
            "id": "p4vy",
            "keepers": null,
            "length": 4,
            "lower": true,
            "min_lower": 0,
            "min_numeric": 0,
            "min_special": 0,
            "min_upper": 0,
            "number": true,
            "override_special": null,
            "result": "p4vy",
            "special": false,
            "upper": false
          },
          "sensitive_attributes": [],
          "private": "eyJzY2hlbWFfdmVyc2lvbiI6IjEifQ=="
        }
      ]
    },
    {
      "module": "module.dev_cluster.module.gke.module.gcloud_delete_default_kube_dns_configmap.module.gcloud_kubectl",
      "mode": "managed",
      "type": "null_resource",
      "name": "module_depends_on",
      "provider": "provider[\"registry.terraform.io/hashicorp/null\"]",
      "instances": [
        {
          "index_key": 0,
          "schema_version": 0,
          "attributes": {
            "id": "6754889947536058229",
            "triggers": {
              "value": "3"
            }
          },
          "sensitive_attributes": [],
          "private": "bnVsbA==",
          "dependencies": [
            "module.dev_cluster.module.gcp-network.module.subnets.google_compute_subnetwork.subnetwork",
            "module.dev_cluster.module.gcp-network.module.vpc.google_compute_network.network",
            "module.dev_cluster.module.gke.data.google_client_config.default",
            "module.dev_cluster.module.gke.data.google_container_engine_versions.region",
            "module.dev_cluster.module.gke.data.google_container_engine_versions.zone",
            "module.dev_cluster.module.gke.google_container_cluster.primary",
            "module.dev_cluster.module.gke.google_container_node_pool.pools",
            "module.dev_cluster.module.gke.google_service_account.cluster_service_account",
            "module.dev_cluster.module.gke.random_shuffle.available_zones"
          ]
        }
      ]
    },
    {
      "module": "module.dev_cluster.module.gke_auth",
      "mode": "data",
      "type": "google_client_config",
      "name": "provider",
      "provider": "module.dev_cluster.provider[\"registry.terraform.io/hashicorp/google\"]",
      "instances": [
        {
          "schema_version": 0,
          "attributes": {
            "access_token": "ya29.a0AfH6SMBpQrD-bRLwMFipxEs-oLyx6akVcqKhNxqIgrECGbxwSXgW4rCDj5DUhNngn3tZsJgx5o2jd0KydAjJkCHTdMhngKi1ULzOfsfwFUWJrYxPlX_kbq4Eqf4vzS6tePraBzGJQaeMLqpLE8SwE885VpUu",
            "id": "projects//regions//zones/",
            "project": "",
            "region": "",
            "zone": ""
          },
          "sensitive_attributes": []
        }
      ]
    },
    {
      "module": "module.dev_cluster.module.gke_auth",
      "mode": "data",
      "type": "google_container_cluster",
      "name": "gke_cluster",
      "provider": "module.dev_cluster.provider[\"registry.terraform.io/hashicorp/google\"]",
      "instances": [
        {
          "schema_version": 0,
          "attributes": {
            "addons_config": [
              {
                "cloudrun_config": [],
                "horizontal_pod_autoscaling": [
                  {
                    "disabled": false
                  }
                ],
                "http_load_balancing": [
                  {
                    "disabled": false
                  }
                ],
                "network_policy_config": [
                  {
                    "disabled": true
                  }
                ]
              }
            ],
            "authenticator_groups_config": [],
            "cluster_autoscaling": [
              {
                "auto_provisioning_defaults": [],
                "enabled": false,
                "resource_limits": []
              }
            ],
            "cluster_ipv4_cidr": "11.20.0.0/16",
            "database_encryption": [
              {
                "key_name": "",
                "state": "DECRYPTED"
              }
            ],
            "datapath_provider": "",
            "default_max_pods_per_node": 110,
            "default_snat_status": [
              {
                "disabled": false
              }
            ],
            "description": "",
            "enable_autopilot": false,
            "enable_binary_authorization": false,
            "enable_intranode_visibility": false,
            "enable_kubernetes_alpha": false,
            "enable_legacy_abac": false,
            "enable_shielded_nodes": true,
            "enable_tpu": false,
            "endpoint": "34.123.43.205",
            "id": "projects/devops-default/locations/us-central1/clusters/devops-cluster-dev",
            "initial_node_count": 0,
            "instance_group_urls": [
              "https://www.googleapis.com/compute/v1/projects/devops-default/zones/us-central1-a/instanceGroups/gke-devops-cluster-dev-default-pool-a7b7fdbb-grp",
              "https://www.googleapis.com/compute/v1/projects/devops-default/zones/us-central1-c/instanceGroups/gke-devops-cluster-dev-default-pool-43fbb8f3-grp",
              "https://www.googleapis.com/compute/v1/projects/devops-default/zones/us-central1-f/instanceGroups/gke-devops-cluster-dev-default-pool-3313bd7c-grp",
              "https://www.googleapis.com/compute/v1/projects/devops-default/zones/us-central1-a/instanceGroups/gke-devops-cluster-dev-node-pool-2af592b7-grp",
              "https://www.googleapis.com/compute/v1/projects/devops-default/zones/us-central1-c/instanceGroups/gke-devops-cluster-dev-node-pool-aa72de4f-grp",
              "https://www.googleapis.com/compute/v1/projects/devops-default/zones/us-central1-f/instanceGroups/gke-devops-cluster-dev-node-pool-4de710ea-grp"
            ],
            "ip_allocation_policy": [
              {
                "cluster_ipv4_cidr_block": "11.20.0.0/16",
                "cluster_secondary_range_name": "ip-range-pods",
                "services_ipv4_cidr_block": "11.30.0.0/16",
                "services_secondary_range_name": "ip-range-services"
              }
            ],
            "label_fingerprint": "a9dc16a7",
            "location": "us-central1",
            "logging_service": "logging.googleapis.com/kubernetes",
            "maintenance_policy": [
              {
                "daily_maintenance_window": [
                  {
                    "duration": "PT4H0M0S",
                    "start_time": "05:00"
                  }
                ],
                "maintenance_exclusion": [],
                "recurring_window": []
              }
            ],
            "master_auth": [
              {
                "client_certificate": "",
                "client_certificate_config": [
                  {
                    "issue_client_certificate": false
                  }
                ],
                "client_key": "",
                "cluster_ca_certificate": "LS0tLS1CRUdJTiBDRVJUSUZJQ0FURS0tLS0tCk1JSURLekNDQWhPZ0F3SUJBZ0lSQUxaTk8rcS9pdW4vUk52VUNqRkhxQWN3RFFZSktvWklodmNOQVFFTEJRQXcKTHpFdE1Dc0dBMVVFQXhNa04yRXdZV1l6TnpJdE9ETmxaUzAwTkdJMExUZzBabVF0WVdFek9USTRZMk01WWpRMQpNQjRYRFRJeE1EUXhNREEwTlRZd01Gb1hEVEkyTURRd09UQTFOVFl3TUZvd0x6RXRNQ3NHQTFVRUF4TWtOMkV3CllXWXpOekl0T0RObFpTMDBOR0kwTFRnMFptUXRZV0V6T1RJNFkyTTVZalExTUlJQklqQU5CZ2txaGtpRzl3MEIKQVFFRkFBT0NBUThBTUlJQkNnS0NBUUVBdnY4T3RCVnFnUFJqRWhCWEJvU1lSNXdyb2NrWXVBakZxem9FTHBlQQoxRHJCdFNCV3l0empvYzBoQXk5LzRzN3cxYi9VK3U2SCtVWFhLOEVidkwvQnVLSHRCY2hlZ0hKRGNiQmJaYXRwCkRiZk1GaHp4bU1IcEExd28vUGRiSm5pVlA4b2xwcldpb3ZsTFlRRUtoTU5YaWh4M2lTVzBsWnZydVFCaldwdFcKRVBtdFhRVktnWmUyeitab04yZm9SL0tnWWp1b3BNd2s2cU5uMmRRY1I3K2FLZGc0T0VZaWxnRHNmaERtdStZVApQVTVWSlhSY09OanJadncwWEpNQTVWZUpKUmdOUzY5OFBEVTJ0QXE4UzBVU3RXaTB3amV6U3pxS01sOGpTaTVuCmtIRmpBcnc5Y2VTVloxNWVFNTdOVi93OXdoMGJORVB0QlRCK0oxcDF0TjQ5dVFJREFRQUJvMEl3UURBT0JnTlYKSFE4QkFmOEVCQU1DQWdRd0R3WURWUjBUQVFIL0JBVXdBd0VCL3pBZEJnTlZIUTRFRmdRVWFwK1RzVGd5c3ltMwpndTZSeFYwS2ZsRGpkcnN3RFFZSktvWklodmNOQVFFTEJRQURnZ0VCQURTRFlGVG1BemFzRm42WlFIaW5oaTBvCnFyMlA3dXpNM2VLMG8wRXlGcDhOeUtYZUZJM20rQXB1dk94aitUbG9uWEJ4NVQwVFBzRVVYWjZFak9jc21nWFkKNHRJVWtIMzEySzYrZDdZdVJwbS80Zmc2WWVlVHBURVc5MldPK3JsWmoxU2E0RngyYndqdURnN0h4R1h0NmdEUwp6QW9Jb0NzYjc5SlV4M29mU0lSbEpqekYza1FFcGh2aTd1Mkl3aHpGVVp4aCtJbGN1azlJcWh5L0VTS0p5amVmCkVFNXZxQjZDNm1KckdGVUNWd1diWjBGN1ROS0ovN0ZCbGNodXpsWnd3cHRLa05vWURIYk9hd1NtN3NBUmlheEUKQys2YmN4RmxCSktnbnNNR2R4ZjEzRG9sK1d0VE5wd3hhTEloaWp5NjhvdUdJVU0xSGR5cndUUms1MVFYYnU4PQotLS0tLUVORCBDRVJUSUZJQ0FURS0tLS0tCg==",
                "password": "",
                "username": ""
              }
            ],
            "master_authorized_networks_config": [],
            "master_version": "1.18.16-gke.2100",
            "min_master_version": null,
            "monitoring_service": "monitoring.googleapis.com/kubernetes",
            "name": "devops-cluster-dev",
            "network": "projects/devops-default/global/networks/gke-network-dev",
            "network_policy": [
              {
                "enabled": false,
                "provider": "PROVIDER_UNSPECIFIED"
              }
            ],
            "networking_mode": "VPC_NATIVE",
            "node_config": [
              {
                "disk_size_gb": 100,
                "disk_type": "pd-standard",
                "guest_accelerator": [],
                "image_type": "COS",
                "labels": {},
                "local_ssd_count": 0,
                "machine_type": "e2-medium",
                "metadata": {
                  "disable-legacy-endpoints": "true"
                },
                "min_cpu_platform": "",
                "oauth_scopes": [
                  "https://www.googleapis.com/auth/logging.write",
                  "https://www.googleapis.com/auth/monitoring"
                ],
                "preemptible": false,
                "service_account": "tf-gke-devops-cluster--p4vy@devops-default.iam.gserviceaccount.com",
                "shielded_instance_config": [
                  {
                    "enable_integrity_monitoring": true,
                    "enable_secure_boot": false
                  }
                ],
                "tags": [],
                "taint": [],
                "workload_metadata_config": [
                  {
                    "node_metadata": "GKE_METADATA_SERVER"
                  }
                ]
              }
            ],
            "node_locations": [
              "us-central1-a",
              "us-central1-c",
              "us-central1-f"
            ],
            "node_pool": [
              {
                "autoscaling": [],
                "initial_node_count": 0,
                "instance_group_urls": [
                  "https://www.googleapis.com/compute/v1/projects/devops-default/zones/us-central1-a/instanceGroupManagers/gke-devops-cluster-dev-default-pool-a7b7fdbb-grp",
                  "https://www.googleapis.com/compute/v1/projects/devops-default/zones/us-central1-c/instanceGroupManagers/gke-devops-cluster-dev-default-pool-43fbb8f3-grp",
                  "https://www.googleapis.com/compute/v1/projects/devops-default/zones/us-central1-f/instanceGroupManagers/gke-devops-cluster-dev-default-pool-3313bd7c-grp"
                ],
                "management": [
                  {
                    "auto_repair": true,
                    "auto_upgrade": true
                  }
                ],
                "max_pods_per_node": 110,
                "name": "default-pool",
                "name_prefix": "",
                "node_config": [
                  {
                    "disk_size_gb": 100,
                    "disk_type": "pd-standard",
                    "guest_accelerator": [],
                    "image_type": "COS",
                    "labels": {},
                    "local_ssd_count": 0,
                    "machine_type": "e2-medium",
                    "metadata": {
                      "disable-legacy-endpoints": "true"
                    },
                    "min_cpu_platform": "",
                    "oauth_scopes": [
                      "https://www.googleapis.com/auth/logging.write",
                      "https://www.googleapis.com/auth/monitoring"
                    ],
                    "preemptible": false,
                    "service_account": "tf-gke-devops-cluster--p4vy@devops-default.iam.gserviceaccount.com",
                    "shielded_instance_config": [
                      {
                        "enable_integrity_monitoring": true,
                        "enable_secure_boot": false
                      }
                    ],
                    "tags": [],
                    "taint": [],
                    "workload_metadata_config": [
                      {
                        "node_metadata": "GKE_METADATA_SERVER"
                      }
                    ]
                  }
                ],
                "node_count": 0,
                "node_locations": [
                  "us-central1-a",
                  "us-central1-c",
                  "us-central1-f"
                ],
                "upgrade_settings": [
                  {
                    "max_surge": 1,
                    "max_unavailable": 0
                  }
                ],
                "version": "1.18.16-gke.2100"
              },
              {
                "autoscaling": [
                  {
                    "max_node_count": 2,
                    "min_node_count": 1
                  }
                ],
                "initial_node_count": 1,
                "instance_group_urls": [
                  "https://www.googleapis.com/compute/v1/projects/devops-default/zones/us-central1-a/instanceGroupManagers/gke-devops-cluster-dev-node-pool-2af592b7-grp",
                  "https://www.googleapis.com/compute/v1/projects/devops-default/zones/us-central1-c/instanceGroupManagers/gke-devops-cluster-dev-node-pool-aa72de4f-grp",
                  "https://www.googleapis.com/compute/v1/projects/devops-default/zones/us-central1-f/instanceGroupManagers/gke-devops-cluster-dev-node-pool-4de710ea-grp"
                ],
                "management": [
                  {
                    "auto_repair": true,
                    "auto_upgrade": true
                  }
                ],
                "max_pods_per_node": 110,
                "name": "node-pool",
                "name_prefix": "",
                "node_config": [
                  {
                    "disk_size_gb": 10,
                    "disk_type": "pd-standard",
                    "guest_accelerator": [],
                    "image_type": "COS",
                    "labels": {
                      "cluster_name": "devops-cluster-dev",
                      "node_pool": "node-pool"
                    },
                    "local_ssd_count": 0,
                    "machine_type": "e2-medium",
                    "metadata": {
                      "cluster_name": "devops-cluster-dev",
                      "disable-legacy-endpoints": "true",
                      "node_pool": "node-pool"
                    },
                    "min_cpu_platform": "",
                    "oauth_scopes": [
                      "https://www.googleapis.com/auth/cloud-platform"
                    ],
                    "preemptible": false,
                    "service_account": "tf-gke-devops-cluster--p4vy@devops-default.iam.gserviceaccount.com",
                    "shielded_instance_config": [
                      {
                        "enable_integrity_monitoring": true,
                        "enable_secure_boot": false
                      }
                    ],
                    "tags": [
                      "gke-devops-cluster-dev",
                      "gke-devops-cluster-dev-node-pool"
                    ],
                    "taint": [],
                    "workload_metadata_config": [
                      {
                        "node_metadata": "GKE_METADATA_SERVER"
                      }
                    ]
                  }
                ],
                "node_count": 1,
                "node_locations": [
                  "us-central1-a",
                  "us-central1-c",
                  "us-central1-f"
                ],
                "upgrade_settings": [
                  {
                    "max_surge": 1,
                    "max_unavailable": 0
                  }
                ],
                "version": "1.18.16-gke.2100"
              }
            ],
            "node_version": "1.18.16-gke.2100",
            "operation": null,
            "pod_security_policy_config": null,
            "private_cluster_config": [],
            "private_ipv6_google_access": "",
            "project": "devops-default",
            "release_channel": [
              {
                "channel": "UNSPECIFIED"
              }
            ],
            "remove_default_node_pool": null,
            "resource_labels": {},
            "resource_usage_export_config": [],
            "self_link": "https://container.googleapis.com/v1beta1/projects/devops-default/locations/us-central1/clusters/devops-cluster-dev",
            "services_ipv4_cidr": "11.30.0.0/16",
            "subnetwork": "projects/devops-default/regions/us-central1/subnetworks/gke-subnet-dev",
            "tpu_ipv4_cidr_block": "",
            "vertical_pod_autoscaling": [
              {
                "enabled": false
              }
            ],
            "workload_identity_config": [
              {
                "identity_namespace": "devops-default.svc.id.goog"
              }
            ]
          },
          "sensitive_attributes": []
        }
      ]
    },
    {
      "module": "module.dev_cluster.module.gke_auth",
      "mode": "data",
      "type": "template_file",
      "name": "kubeconfig",
      "provider": "provider[\"registry.terraform.io/hashicorp/template\"]",
      "instances": [
        {
          "schema_version": 0,
          "attributes": {
            "filename": null,
            "id": "4476100eed94b6d7a36c0348cda51f949c8030aed6d4e944bfe629ea557885d5",
            "rendered": "apiVersion: v1\nclusters:\n- cluster:\n    certificate-authority-data: LS0tLS1CRUdJTiBDRVJUSUZJQ0FURS0tLS0tCk1JSURLekNDQWhPZ0F3SUJBZ0lSQUxaTk8rcS9pdW4vUk52VUNqRkhxQWN3RFFZSktvWklodmNOQVFFTEJRQXcKTHpFdE1Dc0dBMVVFQXhNa04yRXdZV1l6TnpJdE9ETmxaUzAwTkdJMExUZzBabVF0WVdFek9USTRZMk01WWpRMQpNQjRYRFRJeE1EUXhNREEwTlRZd01Gb1hEVEkyTURRd09UQTFOVFl3TUZvd0x6RXRNQ3NHQTFVRUF4TWtOMkV3CllXWXpOekl0T0RObFpTMDBOR0kwTFRnMFptUXRZV0V6T1RJNFkyTTVZalExTUlJQklqQU5CZ2txaGtpRzl3MEIKQVFFRkFBT0NBUThBTUlJQkNnS0NBUUVBdnY4T3RCVnFnUFJqRWhCWEJvU1lSNXdyb2NrWXVBakZxem9FTHBlQQoxRHJCdFNCV3l0empvYzBoQXk5LzRzN3cxYi9VK3U2SCtVWFhLOEVidkwvQnVLSHRCY2hlZ0hKRGNiQmJaYXRwCkRiZk1GaHp4bU1IcEExd28vUGRiSm5pVlA4b2xwcldpb3ZsTFlRRUtoTU5YaWh4M2lTVzBsWnZydVFCaldwdFcKRVBtdFhRVktnWmUyeitab04yZm9SL0tnWWp1b3BNd2s2cU5uMmRRY1I3K2FLZGc0T0VZaWxnRHNmaERtdStZVApQVTVWSlhSY09OanJadncwWEpNQTVWZUpKUmdOUzY5OFBEVTJ0QXE4UzBVU3RXaTB3amV6U3pxS01sOGpTaTVuCmtIRmpBcnc5Y2VTVloxNWVFNTdOVi93OXdoMGJORVB0QlRCK0oxcDF0TjQ5dVFJREFRQUJvMEl3UURBT0JnTlYKSFE4QkFmOEVCQU1DQWdRd0R3WURWUjBUQVFIL0JBVXdBd0VCL3pBZEJnTlZIUTRFRmdRVWFwK1RzVGd5c3ltMwpndTZSeFYwS2ZsRGpkcnN3RFFZSktvWklodmNOQVFFTEJRQURnZ0VCQURTRFlGVG1BemFzRm42WlFIaW5oaTBvCnFyMlA3dXpNM2VLMG8wRXlGcDhOeUtYZUZJM20rQXB1dk94aitUbG9uWEJ4NVQwVFBzRVVYWjZFak9jc21nWFkKNHRJVWtIMzEySzYrZDdZdVJwbS80Zmc2WWVlVHBURVc5MldPK3JsWmoxU2E0RngyYndqdURnN0h4R1h0NmdEUwp6QW9Jb0NzYjc5SlV4M29mU0lSbEpqekYza1FFcGh2aTd1Mkl3aHpGVVp4aCtJbGN1azlJcWh5L0VTS0p5amVmCkVFNXZxQjZDNm1KckdGVUNWd1diWjBGN1ROS0ovN0ZCbGNodXpsWnd3cHRLa05vWURIYk9hd1NtN3NBUmlheEUKQys2YmN4RmxCSktnbnNNR2R4ZjEzRG9sK1d0VE5wd3hhTEloaWp5NjhvdUdJVU0xSGR5cndUUms1MVFYYnU4PQotLS0tLUVORCBDRVJUSUZJQ0FURS0tLS0tCg==\n    server: https://34.123.43.205\n  name: devops-cluster-dev\ncontexts:\n- context:\n    cluster: devops-cluster-dev\n    user: devops-cluster-dev\n  name: devops-cluster-dev\ncurrent-context: devops-cluster-dev\nkind: Config\npreferences: {}\nusers:\n- name: devops-cluster-dev\n  user:\n    token: ya29.a0AfH6SMBpQrD-bRLwMFipxEs-oLyx6akVcqKhNxqIgrECGbxwSXgW4rCDj5DUhNngn3tZsJgx5o2jd0KydAjJkCHTdMhngKi1ULzOfsfwFUWJrYxPlX_kbq4Eqf4vzS6tePraBzGJQaeMLqpLE8SwE885VpUu\n",
            "template": "apiVersion: v1\nclusters:\n- cluster:\n    certificate-authority-data: ${cluster_ca_certificate}\n    server: https://${endpoint}\n  name: ${context}\ncontexts:\n- context:\n    cluster: ${context}\n    user: ${context}\n  name: ${context}\ncurrent-context: ${context}\nkind: Config\npreferences: {}\nusers:\n- name: ${context}\n  user:\n    token: ${token}\n",
            "vars": {
              "cluster_ca_certificate": "LS0tLS1CRUdJTiBDRVJUSUZJQ0FURS0tLS0tCk1JSURLekNDQWhPZ0F3SUJBZ0lSQUxaTk8rcS9pdW4vUk52VUNqRkhxQWN3RFFZSktvWklodmNOQVFFTEJRQXcKTHpFdE1Dc0dBMVVFQXhNa04yRXdZV1l6TnpJdE9ETmxaUzAwTkdJMExUZzBabVF0WVdFek9USTRZMk01WWpRMQpNQjRYRFRJeE1EUXhNREEwTlRZd01Gb1hEVEkyTURRd09UQTFOVFl3TUZvd0x6RXRNQ3NHQTFVRUF4TWtOMkV3CllXWXpOekl0T0RObFpTMDBOR0kwTFRnMFptUXRZV0V6T1RJNFkyTTVZalExTUlJQklqQU5CZ2txaGtpRzl3MEIKQVFFRkFBT0NBUThBTUlJQkNnS0NBUUVBdnY4T3RCVnFnUFJqRWhCWEJvU1lSNXdyb2NrWXVBakZxem9FTHBlQQoxRHJCdFNCV3l0empvYzBoQXk5LzRzN3cxYi9VK3U2SCtVWFhLOEVidkwvQnVLSHRCY2hlZ0hKRGNiQmJaYXRwCkRiZk1GaHp4bU1IcEExd28vUGRiSm5pVlA4b2xwcldpb3ZsTFlRRUtoTU5YaWh4M2lTVzBsWnZydVFCaldwdFcKRVBtdFhRVktnWmUyeitab04yZm9SL0tnWWp1b3BNd2s2cU5uMmRRY1I3K2FLZGc0T0VZaWxnRHNmaERtdStZVApQVTVWSlhSY09OanJadncwWEpNQTVWZUpKUmdOUzY5OFBEVTJ0QXE4UzBVU3RXaTB3amV6U3pxS01sOGpTaTVuCmtIRmpBcnc5Y2VTVloxNWVFNTdOVi93OXdoMGJORVB0QlRCK0oxcDF0TjQ5dVFJREFRQUJvMEl3UURBT0JnTlYKSFE4QkFmOEVCQU1DQWdRd0R3WURWUjBUQVFIL0JBVXdBd0VCL3pBZEJnTlZIUTRFRmdRVWFwK1RzVGd5c3ltMwpndTZSeFYwS2ZsRGpkcnN3RFFZSktvWklodmNOQVFFTEJRQURnZ0VCQURTRFlGVG1BemFzRm42WlFIaW5oaTBvCnFyMlA3dXpNM2VLMG8wRXlGcDhOeUtYZUZJM20rQXB1dk94aitUbG9uWEJ4NVQwVFBzRVVYWjZFak9jc21nWFkKNHRJVWtIMzEySzYrZDdZdVJwbS80Zmc2WWVlVHBURVc5MldPK3JsWmoxU2E0RngyYndqdURnN0h4R1h0NmdEUwp6QW9Jb0NzYjc5SlV4M29mU0lSbEpqekYza1FFcGh2aTd1Mkl3aHpGVVp4aCtJbGN1azlJcWh5L0VTS0p5amVmCkVFNXZxQjZDNm1KckdGVUNWd1diWjBGN1ROS0ovN0ZCbGNodXpsWnd3cHRLa05vWURIYk9hd1NtN3NBUmlheEUKQys2YmN4RmxCSktnbnNNR2R4ZjEzRG9sK1d0VE5wd3hhTEloaWp5NjhvdUdJVU0xSGR5cndUUms1MVFYYnU4PQotLS0tLUVORCBDRVJUSUZJQ0FURS0tLS0tCg==",
              "context": "devops-cluster-dev",
              "endpoint": "34.123.43.205",
              "token": "ya29.a0AfH6SMBpQrD-bRLwMFipxEs-oLyx6akVcqKhNxqIgrECGbxwSXgW4rCDj5DUhNngn3tZsJgx5o2jd0KydAjJkCHTdMhngKi1ULzOfsfwFUWJrYxPlX_kbq4Eqf4vzS6tePraBzGJQaeMLqpLE8SwE885VpUu"
            }
          },
          "sensitive_attributes": []
        }
      ]
    }
  ]
}
